<?xml version="1.0" encoding="utf-8"?>
<Project ToolsVersion="4.0" xmlns="http://schemas.microsoft.com/developer/msbuild/2003">
  <ItemGroup>
    <Filter Include="Source Files">
      <UniqueIdentifier>{4FC737F1-C7A5-4376-A066-2A32D752A2FF}</UniqueIdentifier>
      <Extensions>cpp;c;cc;cxx;def;odl;idl;hpj;bat;asm;asmx</Extensions>
    </Filter>
    <Filter Include="Header Files">
      <UniqueIdentifier>{93995380-89BD-4b04-88EB-625FBE52EBFB}</UniqueIdentifier>
      <Extensions>h;hpp;hxx;hm;inl;inc;xsd</Extensions>
    </Filter>
    <Filter Include="Resource Files">
      <UniqueIdentifier>{67DA6AB6-F800-4c08-8B7A-83BB121AAD01}</UniqueIdentifier>
      <Extensions>rc;ico;cur;bmp;dlg;rc2;rct;bin;rgs;gif;jpg;jpeg;jpe;resx;tiff;tif;png;wav</Extensions>
    </Filter>
  </ItemGroup>
  <ItemGroup>
    <ClCompile Include="renderer\cache.cpp">
      <Filter>Source Files</Filter>
    </ClCompile>
    <ClCompile Include="renderer\dll.cpp">
      <Filter>Source Files</Filter>
    </ClCompile>
    <ClCompile Include="renderer\expfunc.cpp">
      <Filter>Source Files</Filter>
    </ClCompile>
    <ClCompile Include="renderer\ft.cpp">
      <Filter>Source Files</Filter>
    </ClCompile>
    <ClCompile Include="renderer\ft2vert.c">
      <Filter>Source Files</Filter>
    </ClCompile>
    <ClCompile Include="renderer\fteng.cpp">
      <Filter>Source Files</Filter>
    </ClCompile>
    <ClCompile Include="renderer\font_substitution.cpp">
      <Filter>Source Files</Filter>
    </ClCompile>
    <ClCompile Include="renderer\ftref.c">
      <Filter>Source Files</Filter>
    </ClCompile>
    <ClCompile Include="renderer\gdiPlusFlat2.cpp">
      <Filter>Source Files</Filter>
    </ClCompile>
    <ClCompile Include="renderer\hash_list.cpp">
      <Filter>Source Files</Filter>
    </ClCompile>
    <ClCompile Include="renderer\hook.cpp">
      <Filter>Source Files</Filter>
    </ClCompile>
    <ClCompile Include="renderer\hook_lifecycle.cpp">
      <Filter>Source Files</Filter>
    </ClCompile>
    <ClCompile Include="renderer\unload_lifecycle.cpp">
      <Filter>Source Files</Filter>
    </ClCompile>
    <ClCompile Include="renderer\unload_resources.cpp">
      <Filter>Source Files</Filter>
    </ClCompile>
    <ClCompile Include="renderer\misc.cpp">
      <Filter>Source Files</Filter>
    </ClCompile>
    <ClCompile Include="renderer\override.cpp">
      <Filter>Source Files</Filter>
    </ClCompile>
    <ClCompile Include="renderer\ownedcs.cpp">
      <Filter>Source Files</Filter>
    </ClCompile>
    <ClCompile Include="renderer\profile_runtime.cpp">
      <Filter>Source Files</Filter>
    </ClCompile>
    <ClCompile Include="renderer\renderer_activation.cpp">
      <Filter>Source Files</Filter>
    </ClCompile>
    <ClCompile Include="renderer\renderer_policy.cpp">
      <Filter>Source Files</Filter>
    </ClCompile>
    <ClCompile Include="renderer\settings.cpp">
      <Filter>Source Files</Filter>
    </ClCompile>
    <ClCompile Include="renderer\directwrite.cpp">
      <Filter>Source Files</Filter>
    </ClCompile>
    <ClCompile Include="renderer\child_process_relay.cpp">
      <Filter>Source Files</Filter>
    </ClCompile>
    <ClCompile Include="renderer\directwrite_alias.cpp">
      <Filter>Source Files</Filter>
    </ClCompile>
    <ClCompile Include="renderer\directwrite_virtual_font.cpp">
      <Filter>Source Files</Filter>
    </ClCompile>
    <ClCompile Include="renderer\dynCodeHelper.cpp">
      <Filter>Source Files</Filter>
    </ClCompile>
    <ClCompile Include="renderer\EventLogging.cpp">
      <Filter>Source Files</Filter>
    </ClCompile>
    <ClCompile Include="renderer\hookCounter.cpp">
      <Filter>Source Files</Filter>
    </ClCompile>
    <ClCompile Include="renderer\common.cpp">
      <Filter>Source Files</Filter>
    </ClCompile>
  </ItemGroup>
  <ItemGroup>
    <None Include="renderer\expfunc.def">
      <Filter>Source Files</Filter>
    </None>
  </ItemGroup>
  <ItemGroup>
    <ClInclude Include="renderer\array.h">
      <Filter>Header Files</Filter>
    </ClInclude>
    <ClInclude Include="renderer\cache.h">
      <Filter>Header Files</Filter>
    </ClInclude>
    <ClInclude Include="renderer\common.h">
      <Filter>Header Files</Filter>
    </ClInclude>
    <ClInclude Include="renderer\dll.h">
      <Filter>Header Files</Filter>
    </ClInclude>
    <ClInclude Include="renderer\ft.h">
      <Filter>Header Files</Filter>
    </ClInclude>
    <ClInclude Include="renderer\ft2build.h">
      <Filter>Header Files</Filter>
    </ClInclude>
    <ClInclude Include="renderer\ft2vert.h">
      <Filter>Header Files</Filter>
    </ClInclude>
    <ClInclude Include="renderer\fteng.h">
      <Filter>Header Files</Filter>
    </ClInclude>
    <ClInclude Include="renderer\ftref.h">
      <Filter>Header Files</Filter>
    </ClInclude>
    <ClInclude Include="renderer\freetype_runtime.h">
      <Filter>Header Files</Filter>
    </ClInclude>
    <ClInclude Include="renderer\font_substitution.h">
      <Filter>Header Files</Filter>
    </ClInclude>
    <ClInclude Include="renderer\gdiPlusFlat2.h">
      <Filter>Header Files</Filter>
    </ClInclude>
    <ClInclude Include="renderer\hash_list.h">
      <Filter>Header Files</Filter>
    </ClInclude>
    <ClInclude Include="renderer\hooklist.h">
      <Filter>Header Files</Filter>
    </ClInclude>
    <ClInclude Include="renderer\ivs_otft.h">
      <Filter>Header Files</Filter>
    </ClInclude>
    <ClInclude Include="renderer\override.h">
      <Filter>Header Files</Filter>
    </ClInclude>
    <ClInclude Include="renderer\ownedcs.h">
      <Filter>Header Files</Filter>
    </ClInclude>
    <ClInclude Include="renderer\profile_runtime.h">
      <Filter>Header Files</Filter>
    </ClInclude>
    <ClInclude Include="renderer\renderer_activation.h">
      <Filter>Header Files</Filter>
    </ClInclude>
    <ClInclude Include="renderer\renderer_policy.h">
      <Filter>Header Files</Filter>
    </ClInclude>
    <ClInclude Include="renderer\resource.h">
      <Filter>Header Files</Filter>
    </ClInclude>
    <ClInclude Include="renderer\settings.h">
      <Filter>Header Files</Filter>
    </ClInclude>
    <ClInclude Include="shared\hook_compatibility.h">
      <Filter>Header Files</Filter>
    </ClInclude>
    <ClInclude Include="renderer\stdint.h">
      <Filter>Header Files</Filter>
    </ClInclude>
    <ClInclude Include="renderer\strtoken.h">
      <Filter>Header Files</Filter>
    </ClInclude>
    <ClInclude Include="renderer\supinfo.h">
      <Filter>Header Files</Filter>
    </ClInclude>
    <ClInclude Include="renderer\tlsdata.h">
      <Filter>Header Files</Filter>
    </ClInclude>
    <ClInclude Include="renderer\undocAPI.h">
      <Filter>Header Files</Filter>
    </ClInclude>
    <ClInclude Include="renderer\directwrite.h">
      <Filter>Header Files</Filter>
    </ClInclude>
    <ClInclude Include="renderer\child_process_relay.h">
      <Filter>Header Files</Filter>
    </ClInclude>
    <ClInclude Include="renderer\directwrite_alias.h">
      <Filter>Header Files</Filter>
    </ClInclude>
    <ClInclude Include="renderer\directwrite_virtual_font.h">
      <Filter>Header Files</Filter>
    </ClInclude>
    <ClInclude Include="renderer\dynCodeHelper.h">
      <Filter>Header Files</Filter>
    </ClInclude>
    <ClInclude Include="renderer\EventLogging.h">
      <Filter>Header Files</Filter>
    </ClInclude>
    <ClInclude Include="renderer\wow64ext.h">
      <Filter>Header Files</Filter>
    </ClInclude>
    <ClInclude Include="renderer\crc32.h">
      <Filter>Header Files</Filter>
    </ClInclude>
    <ClInclude Include="renderer\json.hpp">
      <Filter>Header Files</Filter>
    </ClInclude>
    <ClInclude Include="renderer\hookCounter.h">
      <Filter>Header Files</Filter>
    </ClInclude>
    <ClInclude Include="renderer\hook_lifecycle.h">
      <Filter>Header Files</Filter>
    </ClInclude>
    <ClInclude Include="renderer\unload_lifecycle.h">
      <Filter>Header Files</Filter>
    </ClInclude>
  </ItemGroup>
  <ItemGroup>
    <ResourceCompile Include="renderer\gdidll.rc">
      <Filter>Resource Files</Filter>
    </ResourceCompile>
  </ItemGroup>
</Project>
